
Microsoft Visual Studio Solution File, Format Version 12.00
Project("{FAE04EC0-301F-11D3-BF4B-00C04F79EFBC}") = "DependenceInjection", "DependenceInjection.csproj", "{39192617-C4D2-4905-8478-AE4621D145DA}"
EndProject
Project("{FAE04EC0-301F-11D3-BF4B-00C04F79EFBC}") = "Core", "Core\Core.csproj", "{AB3CC4FA-4142-4495-87F9-DABA9A009DDC}"
EndProject
Global
	GlobalSection(SolutionConfigurationPlatforms) = preSolution
		Debug|Any CPU = Debug|Any CPU
		Release|Any CPU = Release|Any CPU
	EndGlobalSection
	GlobalSection(ProjectConfigurationPlatforms) = postSolution
		{39192617-C4D2-4905-8478-AE4621D145DA}.Debug|Any CPU.ActiveCfg = Debug|Any CPU
		{39192617-C4D2-4905-8478-AE4621D145DA}.Debug|Any CPU.Build.0 = Debug|Any CPU
		{39192617-C4D2-4905-8478-AE4621D145DA}.Release|Any CPU.ActiveCfg = Release|Any CPU
		{39192617-C4D2-4905-8478-AE4621D145DA}.Release|Any CPU.Build.0 = Release|Any CPU
		{AB3CC4FA-4142-4495-87F9-DABA9A009DDC}.Debug|Any CPU.ActiveCfg = Debug|Any CPU
		{AB3CC4FA-4142-4495-87F9-DABA9A009DDC}.Debug|Any CPU.Build.0 = Debug|Any CPU
		{AB3CC4FA-4142-4495-87F9-DABA9A009DDC}.Release|Any CPU.ActiveCfg = Release|Any CPU
		{AB3CC4FA-4142-4495-87F9-DABA9A009DDC}.Release|Any CPU.Build.0 = Release|Any CPU
	EndGlobalSection
EndGlobal
